// !$*UTF8*$!
{
	archiveVersion = 1;
	classes = {
	};
	objectVersion = 60;
	objects = {

/* Begin PBXBuildFile section */
		9D856A0D2F6D9CD5001EDC5D /* PlusViewModel.swift in Sources */ = {isa = PBXBuildFile; fileRef = 9D856A0C2F6D9CD5001EDC5D /* PlusViewModel.swift */; };
		9D856A832F75CF31001EDC5D /* VoyageService.swift in Sources */ = {isa = PBXBuildFile; fileRef = 9D856A822F75CF31001EDC5D /* VoyageService.swift */; };
		9D856A872F76BD2D001EDC5D /* TestingView.swift in Sources */ = {isa = PBXBuildFile; fileRef = 9D856A862F76BD2D001EDC5D /* TestingView.swift */; };
		9D856A8B2F76F3B5001EDC5D /* PortService.swift in Sources */ = {isa = PBXBuildFile; fileRef = 9D856A8A2F76F3B5001EDC5D /* PortService.swift */; };
		9D856A8D2F795254001EDC5D /* ShipService.swift in Sources */ = {isa = PBXBuildFile; fileRef = 9D856A8C2F795254001EDC5D /* ShipService.swift */; };
		9D856A8F2F7997C2001EDC5D /* UserService.swift in Sources */ = {isa = PBXBuildFile; fileRef = 9D856A8E2F7997C2001EDC5D /* UserService.swift */; };
		9D8712022F89859C007BD6BC /* GraphService.swift in Sources */ = {isa = PBXBuildFile; fileRef = 9D8712012F89859C007BD6BC /* GraphService.swift */; };
		9DAA8F552F30CF7D00EE3FD8 /* DotPort2_0App.swift in Sources */ = {isa = PBXBuildFile; fileRef = 9DAA8F542F30CF7D00EE3FD8 /* DotPort2_0App.swift */; };
		9DAA8F572F30CF7D00EE3FD8 /* ContentView.swift in Sources */ = {isa = PBXBuildFile; fileRef = 9DAA8F562F30CF7D00EE3FD8 /* ContentView.swift */; };
		9DAA8F592F30CF7F00EE3FD8 /* Assets.xcassets in Resources */ = {isa = PBXBuildFile; fileRef = 9DAA8F582F30CF7F00EE3FD8 /* Assets.xcassets */; };
		9DAA8F5C2F30CF7F00EE3FD8 /* Preview Assets.xcassets in Resources */ = {isa = PBXBuildFile; fileRef = 9DAA8F5B2F30CF7F00EE3FD8 /* Preview Assets.xcassets */; };
		9DAA8F652F30CFBB00EE3FD8 /* LoginView.swift in Sources */ = {isa = PBXBuildFile; fileRef = 9DAA8F642F30CFBB00EE3FD8 /* LoginView.swift */; };
		9DAA8F672F36A85D00EE3FD8 /* mainPageView.swift in Sources */ = {isa = PBXBuildFile; fileRef = 9DAA8F662F36A85D00EE3FD8 /* mainPageView.swift */; };
		9DAA8F852F44B71200EE3FD8 /* loginModel.swift in Sources */ = {isa = PBXBuildFile; fileRef = 9DAA8F842F44B71200EE3FD8 /* loginModel.swift */; };
		9DAA8F882F44B85D00EE3FD8 /* loginViewModel.swift in Sources */ = {isa = PBXBuildFile; fileRef = 9DAA8F872F44B85D00EE3FD8 /* loginViewModel.swift */; };
		9DAA8F8A2F44D79C00EE3FD8 /* PortModel.swift in Sources */ = {isa = PBXBuildFile; fileRef = 9DAA8F892F44D79C00EE3FD8 /* PortModel.swift */; };
		9DAA8F8C2F44D7A900EE3FD8 /* ShipModel.swift in Sources */ = {isa = PBXBuildFile; fileRef = 9DAA8F8B2F44D7A900EE3FD8 /* ShipModel.swift */; };
		9DAA8F902F44D81000EE3FD8 /* VoyageModel.swift in Sources */ = {isa = PBXBuildFile; fileRef = 9DAA8F8F2F44D81000EE3FD8 /* VoyageModel.swift */; };
		9DAA8F922F44D82100EE3FD8 /* WorkerModel.swift in Sources */ = {isa = PBXBuildFile; fileRef = 9DAA8F912F44D82100EE3FD8 /* WorkerModel.swift */; };
		9DAA8F942F44D83100EE3FD8 /* DirectionModel.swift in Sources */ = {isa = PBXBuildFile; fileRef = 9DAA8F932F44D83100EE3FD8 /* DirectionModel.swift */; };
		9DAA8F962F44D84000EE3FD8 /* RouteModel.swift in Sources */ = {isa = PBXBuildFile; fileRef = 9DAA8F952F44D84000EE3FD8 /* RouteModel.swift */; };
		9DAA8F982F44D85C00EE3FD8 /* ShipmentModel.swift in Sources */ = {isa = PBXBuildFile; fileRef = 9DAA8F972F44D85C00EE3FD8 /* ShipmentModel.swift */; };
		9DAA8F9A2F44D86C00EE3FD8 /* UserModel.swift in Sources */ = {isa = PBXBuildFile; fileRef = 9DAA8F992F44D86C00EE3FD8 /* UserModel.swift */; };
		9DAA8F9C2F44E37500EE3FD8 /* MainView.swift in Sources */ = {isa = PBXBuildFile; fileRef = 9DAA8F9B2F44E37500EE3FD8 /* MainView.swift */; };
		9DAA8F9E2F47197D00EE3FD8 /* mainViewModel.swift in Sources */ = {isa = PBXBuildFile; fileRef = 9DAA8F9D2F47197D00EE3FD8 /* mainViewModel.swift */; };
		9DAA8FA02F47533700EE3FD8 /* StatisticsModel.swift in Sources */ = {isa = PBXBuildFile; fileRef = 9DAA8F9F2F47533700EE3FD8 /* StatisticsModel.swift */; };
		9DAA8FA22F477E1200EE3FD8 /* mocs.swift in Sources */ = {isa = PBXBuildFile; fileRef = 9DAA8FA12F477E1100EE3FD8 /* mocs.swift */; };
		9DAA8FA62F47933800EE3FD8 /* DetailedVoyageView.swift in Sources */ = {isa = PBXBuildFile; fileRef = 9DAA8FA52F47933800EE3FD8 /* DetailedVoyageView.swift */; };
		9DAA8FA82F47964F00EE3FD8 /* PortsView.swift in Sources */ = {isa = PBXBuildFile; fileRef = 9DAA8FA72F47964F00EE3FD8 /* PortsView.swift */; };
		9DAA8FAA2F47966000EE3FD8 /* ShipsView.swift in Sources */ = {isa = PBXBuildFile; fileRef = 9DAA8FA92F47966000EE3FD8 /* ShipsView.swift */; };
		9DAA8FAC2F47967000EE3FD8 /* ProfileView.swift in Sources */ = {isa = PBXBuildFile; fileRef = 9DAA8FAB2F47967000EE3FD8 /* ProfileView.swift */; };
		9DAA8FAE2F48916D00EE3FD8 /* DetailedPortView.swift in Sources */ = {isa = PBXBuildFile; fileRef = 9DAA8FAD2F48916D00EE3FD8 /* DetailedPortView.swift */; };
		9DAA8FB02F48928700EE3FD8 /* PortsViewModel.swift in Sources */ = {isa = PBXBuildFile; fileRef = 9DAA8FAF2F48928700EE3FD8 /* PortsViewModel.swift */; };
		9DAA8FB22F492EFD00EE3FD8 /* ShipsViewModel.swift in Sources */ = {isa = PBXBuildFile; fileRef = 9DAA8FB12F492EFD00EE3FD8 /* ShipsViewModel.swift */; };
		9DAA8FB42F49C5B300EE3FD8 /* PlusVoyageView.swift in Sources */ = {isa = PBXBuildFile; fileRef = 9DAA8FB32F49C5B300EE3FD8 /* PlusVoyageView.swift */; };
		9DAA8FB62F4A763C00EE3FD8 /* VoyageViewModel.swift in Sources */ = {isa = PBXBuildFile; fileRef = 9DAA8FB52F4A763C00EE3FD8 /* VoyageViewModel.swift */; };
		9DAA8FB82F4CB98E00EE3FD8 /* DetailedShipView.swift in Sources */ = {isa = PBXBuildFile; fileRef = 9DAA8FB72F4CB98E00EE3FD8 /* DetailedShipView.swift */; };
		9DAA8FC02F5864DC00EE3FD8 /* WidgetKit.framework in Frameworks */ = {isa = PBXBuildFile; fileRef = 9DAA8FBF2F5864DC00EE3FD8 /* WidgetKit.framework */; };
		9DAA8FC22F5864DC00EE3FD8 /* SwiftUI.framework in Frameworks */ = {isa = PBXBuildFile; fileRef = 9DAA8FC12F5864DC00EE3FD8 /* SwiftUI.framework */; };
		9DAA8FC52F5864DC00EE3FD8 /* VoyageInfoLiveBundle.swift in Sources */ = {isa = PBXBuildFile; fileRef = 9DAA8FC42F5864DC00EE3FD8 /* VoyageInfoLiveBundle.swift */; };
		9DAA8FC72F5864DC00EE3FD8 /* VoyageInfoLiveLiveActivity.swift in Sources */ = {isa = PBXBuildFile; fileRef = 9DAA8FC62F5864DC00EE3FD8 /* VoyageInfoLiveLiveActivity.swift */; };
		9DAA8FC92F5864DC00EE3FD8 /* VoyageInfoLive.swift in Sources */ = {isa = PBXBuildFile; fileRef = 9DAA8FC82F5864DC00EE3FD8 /* VoyageInfoLive.swift */; };
		9DAA8FCB2F5864DE00EE3FD8 /* Assets.xcassets in Resources */ = {isa = PBXBuildFile; fileRef = 9DAA8FCA2F5864DE00EE3FD8 /* Assets.xcassets */; };
		9DAA8FCF2F5864DE00EE3FD8 /* VoyageInfoLiveExtension.appex in Embed Foundation Extensions */ = {isa = PBXBuildFile; fileRef = 9DAA8FBD2F5864DC00EE3FD8 /* VoyageInfoLiveExtension.appex */; settings = {ATTRIBUTES = (RemoveHeadersOnCopy, ); }; };
		9DAA8FD52F5866C100EE3FD8 /* WidgetAttributes.swift in Sources */ = {isa = PBXBuildFile; fileRef = 9DAA8FD42F5866C100EE3FD8 /* WidgetAttributes.swift */; };
		9DAA8FD62F58675800EE3FD8 /* WidgetAttributes.swift in Sources */ = {isa = PBXBuildFile; fileRef = 9DAA8FD42F5866C100EE3FD8 /* WidgetAttributes.swift */; };
		9DAA8FD82F58FED000EE3FD8 /* ActivityManager.swift in Sources */ = {isa = PBXBuildFile; fileRef = 9DAA8FD72F58FED000EE3FD8 /* ActivityManager.swift */; };
		9DAA8FDA2F5C669800EE3FD8 /* MapView.swift in Sources */ = {isa = PBXBuildFile; fileRef = 9DAA8FD92F5C669800EE3FD8 /* MapView.swift */; };
		9DAA8FDC2F5C680D00EE3FD8 /* MapViewModel.swift in Sources */ = {isa = PBXBuildFile; fileRef = 9DAA8FDB2F5C680D00EE3FD8 /* MapViewModel.swift */; };
		9DAA8FDE2F5DD2B700EE3FD8 /* ListOfLocations.swift in Sources */ = {isa = PBXBuildFile; fileRef = 9DAA8FDD2F5DD2B700EE3FD8 /* ListOfLocations.swift */; };
		9DAA8FE02F5F2E0300EE3FD8 /* LocationPrewiewView.swift in Sources */ = {isa = PBXBuildFile; fileRef = 9DAA8FDF2F5F2E0300EE3FD8 /* LocationPrewiewView.swift */; };
		9DAA8FE22F5F3D7200EE3FD8 /* LocationDetailedInfo.swift in Sources */ = {isa = PBXBuildFile; fileRef = 9DAA8FE12F5F3D7200EE3FD8 /* LocationDetailedInfo.swift */; };
/* End PBXBuildFile section */

/* Begin PBXContainerItemProxy section */
		9DAA8FCD2F5864DE00EE3FD8 /* PBXContainerItemProxy */ = {
			isa = PBXContainerItemProxy;
			containerPortal = 9DAA8F492F30CF7D00EE3FD8 /* Project object */;
			proxyType = 1;
			remoteGlobalIDString = 9DAA8FBC2F5864DC00EE3FD8;
			remoteInfo = VoyageInfoLiveExtension;
		};
/* End PBXContainerItemProxy section */

/* Begin PBXCopyFilesBuildPhase section */
		9DAA8FD32F5864DE00EE3FD8 /* Embed Foundation Extensions */ = {
			isa = PBXCopyFilesBuildPhase;
			buildActionMask = 2147483647;
			dstPath = "";
			dstSubfolderSpec = 13;
			files = (
				9DAA8FCF2F5864DE00EE3FD8 /* VoyageInfoLiveExtension.appex in Embed Foundation Extensions */,
			);
			name = "Embed Foundation Extensions";
			runOnlyForDeploymentPostprocessing = 0;
		};
/* End PBXCopyFilesBuildPhase section */

/* Begin PBXFileReference section */
		9D856A0C2F6D9CD5001EDC5D /* PlusViewModel.swift */ = {isa = PBXFileReference; lastKnownFileType = sourcecode.swift; path = PlusViewModel.swift; sourceTree = "<group>"; };
		9D856A822F75CF31001EDC5D /* VoyageService.swift */ = {isa = PBXFileReference; lastKnownFileType = sourcecode.swift; path = VoyageService.swift; sourceTree = "<group>"; };
		9D856A862F76BD2D001EDC5D /* TestingView.swift */ = {isa = PBXFileReference; lastKnownFileType = sourcecode.swift; path = TestingView.swift; sourceTree = "<group>"; };
		9D856A8A2F76F3B5001EDC5D /* PortService.swift */ = {isa = PBXFileReference; lastKnownFileType = sourcecode.swift; path = PortService.swift; sourceTree = "<group>"; };
		9D856A8C2F795254001EDC5D /* ShipService.swift */ = {isa = PBXFileReference; lastKnownFileType = sourcecode.swift; path = ShipService.swift; sourceTree = "<group>"; };
		9D856A8E2F7997C2001EDC5D /* UserService.swift */ = {isa = PBXFileReference; lastKnownFileType = sourcecode.swift; path = UserService.swift; sourceTree = "<group>"; };
		9D8712012F89859C007BD6BC /* GraphService.swift */ = {isa = PBXFileReference; lastKnownFileType = sourcecode.swift; path = GraphService.swift; sourceTree = "<group>"; };
		9DAA8F512F30CF7D00EE3FD8 /* DotPort2.0.app */ = {isa = PBXFileReference; explicitFileType = wrapper.application; includeInIndex = 0; path = DotPort2.0.app; sourceTree = BUILT_PRODUCTS_DIR; };
		9DAA8F542F30CF7D00EE3FD8 /* DotPort2_0App.swift */ = {isa = PBXFileReference; lastKnownFileType = sourcecode.swift; path = DotPort2_0App.swift; sourceTree = "<group>"; };
		9DAA8F562F30CF7D00EE3FD8 /* ContentView.swift */ = {isa = PBXFileReference; lastKnownFileType = sourcecode.swift; path = ContentView.swift; sourceTree = "<group>"; };
		9DAA8F582F30CF7F00EE3FD8 /* Assets.xcassets */ = {isa = PBXFileReference; lastKnownFileType = folder.assetcatalog; path = Assets.xcassets; sourceTree = "<group>"; };
		9DAA8F5B2F30CF7F00EE3FD8 /* Preview Assets.xcassets */ = {isa = PBXFileReference; lastKnownFileType = folder.assetcatalog; path = "Preview Assets.xcassets"; sourceTree = "<group>"; };
		9DAA8F642F30CFBB00EE3FD8 /* LoginView.swift */ = {isa = PBXFileReference; lastKnownFileType = sourcecode.swift; path = LoginView.swift; sourceTree = "<group>"; };
		9DAA8F662F36A85D00EE3FD8 /* mainPageView.swift */ = {isa = PBXFileReference; lastKnownFileType = sourcecode.swift; path = mainPageView.swift; sourceTree = "<group>"; };
		9DAA8F842F44B71200EE3FD8 /* loginModel.swift */ = {isa = PBXFileReference; lastKnownFileType = sourcecode.swift; path = loginModel.swift; sourceTree = "<group>"; };
		9DAA8F872F44B85D00EE3FD8 /* loginViewModel.swift */ = {isa = PBXFileReference; lastKnownFileType = sourcecode.swift; path = loginViewModel.swift; sourceTree = "<group>"; };
		9DAA8F892F44D79C00EE3FD8 /* PortModel.swift */ = {isa = PBXFileReference; lastKnownFileType = sourcecode.swift; path = PortModel.swift; sourceTree = "<group>"; };
		9DAA8F8B2F44D7A900EE3FD8 /* ShipModel.swift */ = {isa = PBXFileReference; lastKnownFileType = sourcecode.swift; path = ShipModel.swift; sourceTree = "<group>"; };
		9DAA8F8F2F44D81000EE3FD8 /* VoyageModel.swift */ = {isa = PBXFileReference; lastKnownFileType = sourcecode.swift; path = VoyageModel.swift; sourceTree = "<group>"; };
		9DAA8F912F44D82100EE3FD8 /* WorkerModel.swift */ = {isa = PBXFileReference; lastKnownFileType = sourcecode.swift; path = WorkerModel.swift; sourceTree = "<group>"; };
		9DAA8F932F44D83100EE3FD8 /* DirectionModel.swift */ = {isa = PBXFileReference; lastKnownFileType = sourcecode.swift; path = DirectionModel.swift; sourceTree = "<group>"; };
		9DAA8F952F44D84000EE3FD8 /* RouteModel.swift */ = {isa = PBXFileReference; lastKnownFileType = sourcecode.swift; path = RouteModel.swift; sourceTree = "<group>"; };
		9DAA8F972F44D85C00EE3FD8 /* ShipmentModel.swift */ = {isa = PBXFileReference; lastKnownFileType = sourcecode.swift; path = ShipmentModel.swift; sourceTree = "<group>"; };
		9DAA8F992F44D86C00EE3FD8 /* UserModel.swift */ = {isa = PBXFileReference; lastKnownFileType = sourcecode.swift; path = UserModel.swift; sourceTree = "<group>"; };
		9DAA8F9B2F44E37500EE3FD8 /* MainView.swift */ = {isa = PBXFileReference; lastKnownFileType = sourcecode.swift; path = MainView.swift; sourceTree = "<group>"; };
		9DAA8F9D2F47197D00EE3FD8 /* mainViewModel.swift */ = {isa = PBXFileReference; lastKnownFileType = sourcecode.swift; path = mainViewModel.swift; sourceTree = "<group>"; };
		9DAA8F9F2F47533700EE3FD8 /* StatisticsModel.swift */ = {isa = PBXFileReference; lastKnownFileType = sourcecode.swift; path = StatisticsModel.swift; sourceTree = "<group>"; };
		9DAA8FA12F477E1100EE3FD8 /* mocs.swift */ = {isa = PBXFileReference; lastKnownFileType = sourcecode.swift; path = mocs.swift; sourceTree = "<group>"; };
		9DAA8FA52F47933800EE3FD8 /* DetailedVoyageView.swift */ = {isa = PBXFileReference; lastKnownFileType = sourcecode.swift; path = DetailedVoyageView.swift; sourceTree = "<group>"; };
		9DAA8FA72F47964F00EE3FD8 /* PortsView.swift */ = {isa = PBXFileReference; lastKnownFileType = sourcecode.swift; path = PortsView.swift; sourceTree = "<group>"; };
		9DAA8FA92F47966000EE3FD8 /* ShipsView.swift */ = {isa = PBXFileReference; lastKnownFileType = sourcecode.swift; path = ShipsView.swift; sourceTree = "<group>"; };
		9DAA8FAB2F47967000EE3FD8 /* ProfileView.swift */ = {isa = PBXFileReference; lastKnownFileType = sourcecode.swift; path = ProfileView.swift; sourceTree = "<group>"; };
		9DAA8FAD2F48916D00EE3FD8 /* DetailedPortView.swift */ = {isa = PBXFileReference; lastKnownFileType = sourcecode.swift; path = DetailedPortView.swift; sourceTree = "<group>"; };
		9DAA8FAF2F48928700EE3FD8 /* PortsViewModel.swift */ = {isa = PBXFileReference; lastKnownFileType = sourcecode.swift; path = PortsViewModel.swift; sourceTree = "<group>"; };
		9DAA8FB12F492EFD00EE3FD8 /* ShipsViewModel.swift */ = {isa = PBXFileReference; lastKnownFileType = sourcecode.swift; path = ShipsViewModel.swift; sourceTree = "<group>"; };
		9DAA8FB32F49C5B300EE3FD8 /* PlusVoyageView.swift */ = {isa = PBXFileReference; lastKnownFileType = sourcecode.swift; path = PlusVoyageView.swift; sourceTree = "<group>"; };
		9DAA8FB52F4A763C00EE3FD8 /* VoyageViewModel.swift */ = {isa = PBXFileReference; lastKnownFileType = sourcecode.swift; path = VoyageViewModel.swift; sourceTree = "<group>"; };
		9DAA8FB72F4CB98E00EE3FD8 /* DetailedShipView.swift */ = {isa = PBXFileReference; lastKnownFileType = sourcecode.swift; path = DetailedShipView.swift; sourceTree = "<group>"; };
		9DAA8FBD2F5864DC00EE3FD8 /* VoyageInfoLiveExtension.appex */ = {isa = PBXFileReference; explicitFileType = "wrapper.app-extension"; includeInIndex = 0; path = VoyageInfoLiveExtension.appex; sourceTree = BUILT_PRODUCTS_DIR; };
		9DAA8FBF2F5864DC00EE3FD8 /* WidgetKit.framework */ = {isa = PBXFileReference; lastKnownFileType = wrapper.framework; name = WidgetKit.framework; path = System/Library/Frameworks/WidgetKit.framework; sourceTree = SDKROOT; };
		9DAA8FC12F5864DC00EE3FD8 /* SwiftUI.framework */ = {isa = PBXFileReference; lastKnownFileType = wrapper.framework; name = SwiftUI.framework; path = System/Library/Frameworks/SwiftUI.framework; sourceTree = SDKROOT; };
		9DAA8FC42F5864DC00EE3FD8 /* VoyageInfoLiveBundle.swift */ = {isa = PBXFileReference; lastKnownFileType = sourcecode.swift; path = VoyageInfoLiveBundle.swift; sourceTree = "<group>"; };
		9DAA8FC62F5864DC00EE3FD8 /* VoyageInfoLiveLiveActivity.swift */ = {isa = PBXFileReference; lastKnownFileType = sourcecode.swift; path = VoyageInfoLiveLiveActivity.swift; sourceTree = "<group>"; };
		9DAA8FC82F5864DC00EE3FD8 /* VoyageInfoLive.swift */ = {isa = PBXFileReference; lastKnownFileType = sourcecode.swift; path = VoyageInfoLive.swift; sourceTree = "<group>"; };
		9DAA8FCA2F5864DE00EE3FD8 /* Assets.xcassets */ = {isa = PBXFileReference; lastKnownFileType = folder.assetcatalog; path = Assets.xcassets; sourceTree = "<group>"; };
		9DAA8FCC2F5864DE00EE3FD8 /* Info.plist */ = {isa = PBXFileReference; lastKnownFileType = text.plist.xml; path = Info.plist; sourceTree = "<group>"; };
		9DAA8FD42F5866C100EE3FD8 /* WidgetAttributes.swift */ = {isa = PBXFileReference; lastKnownFileType = sourcecode.swift; path = WidgetAttributes.swift; sourceTree = "<group>"; };
		9DAA8FD72F58FED000EE3FD8 /* ActivityManager.swift */ = {isa = PBXFileReference; lastKnownFileType = sourcecode.swift; path = ActivityManager.swift; sourceTree = "<group>"; };
		9DAA8FD92F5C669800EE3FD8 /* MapView.swift */ = {isa = PBXFileReference; lastKnownFileType = sourcecode.swift; path = MapView.swift; sourceTree = "<group>"; };
		9DAA8FDB2F5C680D00EE3FD8 /* MapViewModel.swift */ = {isa = PBXFileReference; lastKnownFileType = sourcecode.swift; path = MapViewModel.swift; sourceTree = "<group>"; };
		9DAA8FDD2F5DD2B700EE3FD8 /* ListOfLocations.swift */ = {isa = PBXFileReference; lastKnownFileType = sourcecode.swift; path = ListOfLocations.swift; sourceTree = "<group>"; };
		9DAA8FDF2F5F2E0300EE3FD8 /* LocationPrewiewView.swift */ = {isa = PBXFileReference; lastKnownFileType = sourcecode.swift; path = LocationPrewiewView.swift; sourceTree = "<group>"; };
		9DAA8FE12F5F3D7200EE3FD8 /* LocationDetailedInfo.swift */ = {isa = PBXFileReference; lastKnownFileType = sourcecode.swift; path = LocationDetailedInfo.swift; sourceTree = "<group>"; };
/* End PBXFileReference section */

/* Begin PBXFrameworksBuildPhase section */
		9DAA8F4E2F30CF7D00EE3FD8 /* Frameworks */ = {
			isa = PBXFrameworksBuildPhase;
			buildActionMask = 2147483647;
			files = (
			);
			runOnlyForDeploymentPostprocessing = 0;
		};
		9DAA8FBA2F5864DC00EE3FD8 /* Frameworks */ = {
			isa = PBXFrameworksBuildPhase;
			buildActionMask = 2147483647;
			files = (
				9DAA8FC22F5864DC00EE3FD8 /* SwiftUI.framework in Frameworks */,
				9DAA8FC02F5864DC00EE3FD8 /* WidgetKit.framework in Frameworks */,
			);
			runOnlyForDeploymentPostprocessing = 0;
		};
/* End PBXFrameworksBuildPhase section */

/* Begin PBXGroup section */
		9DAA8F482F30CF7D00EE3FD8 = {
			isa = PBXGroup;
			children = (
				9DAA8F532F30CF7D00EE3FD8 /* DotPort2.0 */,
				9DAA8FC32F5864DC00EE3FD8 /* VoyageInfoLive */,
				9DAA8FBE2F5864DC00EE3FD8 /* Frameworks */,
				9DAA8F522F30CF7D00EE3FD8 /* Products */,
			);
			sourceTree = "<group>";
		};
		9DAA8F522F30CF7D00EE3FD8 /* Products */ = {
			isa = PBXGroup;
			children = (
				9DAA8F512F30CF7D00EE3FD8 /* DotPort2.0.app */,
				9DAA8FBD2F5864DC00EE3FD8 /* VoyageInfoLiveExtension.appex */,
			);
			name = Products;
			sourceTree = "<group>";
		};
		9DAA8F532F30CF7D00EE3FD8 /* DotPort2.0 */ = {
			isa = PBXGroup;
			children = (
				9DAA8FE42F6709B200EE3FD8 /* New Group */,
				9DAA8FE32F61BBB700EE3FD8 /* NetworkLayer */,
				9DAA8F862F44B84900EE3FD8 /* ViewModels */,
				9DAA8F632F30CFA600EE3FD8 /* Views */,
				9DAA8F622F30CF9C00EE3FD8 /* Models */,
				9DAA8F542F30CF7D00EE3FD8 /* DotPort2_0App.swift */,
				9DAA8F562F30CF7D00EE3FD8 /* ContentView.swift */,
				9DAA8F582F30CF7F00EE3FD8 /* Assets.xcassets */,
				9DAA8F5A2F30CF7F00EE3FD8 /* Preview Content */,
				9DAA8FA12F477E1100EE3FD8 /* mocs.swift */,
				9DAA8FD42F5866C100EE3FD8 /* WidgetAttributes.swift */,
				9DAA8FD72F58FED000EE3FD8 /* ActivityManager.swift */,
				9D8712012F89859C007BD6BC /* GraphService.swift */,
			);
			path = DotPort2.0;
			sourceTree = "<group>";
		};
		9DAA8F5A2F30CF7F00EE3FD8 /* Preview Content */ = {
			isa = PBXGroup;
			children = (
				9DAA8F5B2F30CF7F00EE3FD8 /* Preview Assets.xcassets */,
			);
			path = "Preview Content";
			sourceTree = "<group>";
		};
		9DAA8F622F30CF9C00EE3FD8 /* Models */ = {
			isa = PBXGroup;
			children = (
				9DAA8F842F44B71200EE3FD8 /* loginModel.swift */,
				9DAA8F892F44D79C00EE3FD8 /* PortModel.swift */,
				9DAA8F8B2F44D7A900EE3FD8 /* ShipModel.swift */,
				9DAA8F8F2F44D81000EE3FD8 /* VoyageModel.swift */,
				9DAA8F912F44D82100EE3FD8 /* WorkerModel.swift */,
				9DAA8F932F44D83100EE3FD8 /* DirectionModel.swift */,
				9DAA8F952F44D84000EE3FD8 /* RouteModel.swift */,
				9DAA8F972F44D85C00EE3FD8 /* ShipmentModel.swift */,
				9DAA8F992F44D86C00EE3FD8 /* UserModel.swift */,
				9DAA8F9F2F47533700EE3FD8 /* StatisticsModel.swift */,
			);
			path = Models;
			sourceTree = "<group>";
		};
		9DAA8F632F30CFA600EE3FD8 /* Views */ = {
			isa = PBXGroup;
			children = (
				9DAA8F642F30CFBB00EE3FD8 /* LoginView.swift */,
				9DAA8F662F36A85D00EE3FD8 /* mainPageView.swift */,
				9DAA8F9B2F44E37500EE3FD8 /* MainView.swift */,
				9DAA8FA52F47933800EE3FD8 /* DetailedVoyageView.swift */,
				9DAA8FA72F47964F00EE3FD8 /* PortsView.swift */,
				9DAA8FA92F47966000EE3FD8 /* ShipsView.swift */,
				9DAA8FAB2F47967000EE3FD8 /* ProfileView.swift */,
				9DAA8FAD2F48916D00EE3FD8 /* DetailedPortView.swift */,
				9DAA8FB32F49C5B300EE3FD8 /* PlusVoyageView.swift */,
				9DAA8FB72F4CB98E00EE3FD8 /* DetailedShipView.swift */,
				9DAA8FD92F5C669800EE3FD8 /* MapView.swift */,
				9DAA8FDD2F5DD2B700EE3FD8 /* ListOfLocations.swift */,
				9DAA8FDF2F5F2E0300EE3FD8 /* LocationPrewiewView.swift */,
				9DAA8FE12F5F3D7200EE3FD8 /* LocationDetailedInfo.swift */,
			);
			path = Views;
			sourceTree = "<group>";
		};
		9DAA8F862F44B84900EE3FD8 /* ViewModels */ = {
			isa = PBXGroup;
			children = (
				9DAA8F872F44B85D00EE3FD8 /* loginViewModel.swift */,
				9DAA8F9D2F47197D00EE3FD8 /* mainViewModel.swift */,
				9DAA8FAF2F48928700EE3FD8 /* PortsViewModel.swift */,
				9DAA8FB12F492EFD00EE3FD8 /* ShipsViewModel.swift */,
				9DAA8FB52F4A763C00EE3FD8 /* VoyageViewModel.swift */,
				9DAA8FDB2F5C680D00EE3FD8 /* MapViewModel.swift */,
				9D856A0C2F6D9CD5001EDC5D /* PlusViewModel.swift */,
			);
			path = ViewModels;
			sourceTree = "<group>";
		};
		9DAA8FBE2F5864DC00EE3FD8 /* Frameworks */ = {
			isa = PBXGroup;
			children = (
				9DAA8FBF2F5864DC00EE3FD8 /* WidgetKit.framework */,
				9DAA8FC12F5864DC00EE3FD8 /* SwiftUI.framework */,
			);
			name = Frameworks;
			sourceTree = "<group>";
		};
		9DAA8FC32F5864DC00EE3FD8 /* VoyageInfoLive */ = {
			isa = PBXGroup;
			children = (
				9DAA8FC42F5864DC00EE3FD8 /* VoyageInfoLiveBundle.swift */,
				9DAA8FC62F5864DC00EE3FD8 /* VoyageInfoLiveLiveActivity.swift */,
				9DAA8FC82F5864DC00EE3FD8 /* VoyageInfoLive.swift */,
				9DAA8FCA2F5864DE00EE3FD8 /* Assets.xcassets */,
				9DAA8FCC2F5864DE00EE3FD8 /* Info.plist */,
			);
			path = VoyageInfoLive;
			sourceTree = "<group>";
		};
		9DAA8FE32F61BBB700EE3FD8 /* NetworkLayer */ = {
			isa = PBXGroup;
			children = (
				9D856A822F75CF31001EDC5D /* VoyageService.swift */,
				9D856A862F76BD2D001EDC5D /* TestingView.swift */,
				9D856A8A2F76F3B5001EDC5D /* PortService.swift */,
				9D856A8C2F795254001EDC5D /* ShipService.swift */,
				9D856A8E2F7997C2001EDC5D /* UserService.swift */,
			);
			path = NetworkLayer;
			sourceTree = "<group>";
		};
		9DAA8FE42F6709B200EE3FD8 /* New Group */ = {
			isa = PBXGroup;
			children = (
			);
			path = "New Group";
			sourceTree = "<group>";
		};
/* End PBXGroup section */

/* Begin PBXNativeTarget section */
		9DAA8F502F30CF7D00EE3FD8 /* DotPort2.0 */ = {
			isa = PBXNativeTarget;
			buildConfigurationList = 9DAA8F5F2F30CF7F00EE3FD8 /* Build configuration list for PBXNativeTarget "DotPort2.0" */;
			buildPhases = (
				9DAA8F4D2F30CF7D00EE3FD8 /* Sources */,
				9DAA8F4E2F30CF7D00EE3FD8 /* Frameworks */,
				9DAA8F4F2F30CF7D00EE3FD8 /* Resources */,
				9DAA8FD32F5864DE00EE3FD8 /* Embed Foundation Extensions */,
			);
			buildRules = (
			);
			dependencies = (
				9DAA8FCE2F5864DE00EE3FD8 /* PBXTargetDependency */,
			);
			name = DotPort2.0;
			productName = DotPort2.0;
			productReference = 9DAA8F512F30CF7D00EE3FD8 /* DotPort2.0.app */;
			productType = "com.apple.product-type.application";
		};
		9DAA8FBC2F5864DC00EE3FD8 /* VoyageInfoLiveExtension */ = {
			isa = PBXNativeTarget;
			buildConfigurationList = 9DAA8FD02F5864DE00EE3FD8 /* Build configuration list for PBXNativeTarget "VoyageInfoLiveExtension" */;
			buildPhases = (
				9DAA8FB92F5864DC00EE3FD8 /* Sources */,
				9DAA8FBA2F5864DC00EE3FD8 /* Frameworks */,
				9DAA8FBB2F5864DC00EE3FD8 /* Resources */,
			);
			buildRules = (
			);
			dependencies = (
			);
			name = VoyageInfoLiveExtension;
			productName = VoyageInfoLiveExtension;
			productReference = 9DAA8FBD2F5864DC00EE3FD8 /* VoyageInfoLiveExtension.appex */;
			productType = "com.apple.product-type.app-extension";
		};
/* End PBXNativeTarget section */

/* Begin PBXProject section */
		9DAA8F492F30CF7D00EE3FD8 /* Project object */ = {
			isa = PBXProject;
			attributes = {
				BuildIndependentTargetsInParallel = 1;
				LastSwiftUpdateCheck = 1540;
				LastUpgradeCheck = 1540;
				TargetAttributes = {
					9DAA8F502F30CF7D00EE3FD8 = {
						CreatedOnToolsVersion = 15.4;
					};
					9DAA8FBC2F5864DC00EE3FD8 = {
						CreatedOnToolsVersion = 15.4;
					};
				};
			};
			buildConfigurationList = 9DAA8F4C2F30CF7D00EE3FD8 /* Build configuration list for PBXProject "DotPort2.0" */;
			compatibilityVersion = "Xcode 14.0";
			developmentRegion = en;
			hasScannedForEncodings = 0;
			knownRegions = (
				en,
				Base,
			);
			mainGroup = 9DAA8F482F30CF7D00EE3FD8;
			packageReferences = (
				9D8712032F8AA3CC007BD6BC /* XCLocalSwiftPackageReference "../../../SwiftAdvanced/LinkedListPackage" */,
			);
			productRefGroup = 9DAA8F522F30CF7D00EE3FD8 /* Products */;
			projectDirPath = "";
			projectRoot = "";
			targets = (
				9DAA8F502F30CF7D00EE3FD8 /* DotPort2.0 */,
				9DAA8FBC2F5864DC00EE3FD8 /* VoyageInfoLiveExtension */,
			);
		};
/* End PBXProject section */

/* Begin PBXResourcesBuildPhase section */
		9DAA8F4F2F30CF7D00EE3FD8 /* Resources */ = {
			isa = PBXResourcesBuildPhase;
			buildActionMask = 2147483647;
			files = (
				9DAA8F5C2F30CF7F00EE3FD8 /* Preview Assets.xcassets in Resources */,
				9DAA8F592F30CF7F00EE3FD8 /* Assets.xcassets in Resources */,
			);
			runOnlyForDeploymentPostprocessing = 0;
		};
		9DAA8FBB2F5864DC00EE3FD8 /* Resources */ = {
			isa = PBXResourcesBuildPhase;
			buildActionMask = 2147483647;
			files = (
				9DAA8FCB2F5864DE00EE3FD8 /* Assets.xcassets in Resources */,
			);
			runOnlyForDeploymentPostprocessing = 0;
		};
/* End PBXResourcesBuildPhase section */

/* Begin PBXSourcesBuildPhase section */
		9DAA8F4D2F30CF7D00EE3FD8 /* Sources */ = {
			isa = PBXSourcesBuildPhase;
			buildActionMask = 2147483647;
			files = (
				9DAA8FB82F4CB98E00EE3FD8 /* DetailedShipView.swift in Sources */,
				9DAA8F852F44B71200EE3FD8 /* loginModel.swift in Sources */,
				9D856A8B2F76F3B5001EDC5D /* PortService.swift in Sources */,
				9DAA8FB62F4A763C00EE3FD8 /* VoyageViewModel.swift in Sources */,
				9DAA8FA22F477E1200EE3FD8 /* mocs.swift in Sources */,
				9DAA8FAE2F48916D00EE3FD8 /* DetailedPortView.swift in Sources */,
				9D856A872F76BD2D001EDC5D /* TestingView.swift in Sources */,
				9DAA8FD52F5866C100EE3FD8 /* WidgetAttributes.swift in Sources */,
				9DAA8F652F30CFBB00EE3FD8 /* LoginView.swift in Sources */,
				9DAA8F882F44B85D00EE3FD8 /* loginViewModel.swift in Sources */,
				9DAA8FA62F47933800EE3FD8 /* DetailedVoyageView.swift in Sources */,
				9DAA8FA02F47533700EE3FD8 /* StatisticsModel.swift in Sources */,
				9D856A0D2F6D9CD5001EDC5D /* PlusViewModel.swift in Sources */,
				9DAA8FDA2F5C669800EE3FD8 /* MapView.swift in Sources */,
				9D856A8F2F7997C2001EDC5D /* UserService.swift in Sources */,
				9DAA8F982F44D85C00EE3FD8 /* ShipmentModel.swift in Sources */,
				9DAA8F962F44D84000EE3FD8 /* RouteModel.swift in Sources */,
				9DAA8F572F30CF7D00EE3FD8 /* ContentView.swift in Sources */,
				9DAA8F8A2F44D79C00EE3FD8 /* PortModel.swift in Sources */,
				9DAA8FB22F492EFD00EE3FD8 /* ShipsViewModel.swift in Sources */,
				9DAA8F672F36A85D00EE3FD8 /* mainPageView.swift in Sources */,
				9DAA8FB42F49C5B300EE3FD8 /* PlusVoyageView.swift in Sources */,
				9DAA8F9A2F44D86C00EE3FD8 /* UserModel.swift in Sources */,
				9DAA8F942F44D83100EE3FD8 /* DirectionModel.swift in Sources */,
				9DAA8F552F30CF7D00EE3FD8 /* DotPort2_0App.swift in Sources */,
				9DAA8FD82F58FED000EE3FD8 /* ActivityManager.swift in Sources */,
				9D856A8D2F795254001EDC5D /* ShipService.swift in Sources */,
				9DAA8FE22F5F3D7200EE3FD8 /* LocationDetailedInfo.swift in Sources */,
				9D856A832F75CF31001EDC5D /* VoyageService.swift in Sources */,
				9DAA8F902F44D81000EE3FD8 /* VoyageModel.swift in Sources */,
				9DAA8FDC2F5C680D00EE3FD8 /* MapViewModel.swift in Sources */,
				9DAA8F8C2F44D7A900EE3FD8 /* ShipModel.swift in Sources */,
				9DAA8F9C2F44E37500EE3FD8 /* MainView.swift in Sources */,
				9DAA8FA82F47964F00EE3FD8 /* PortsView.swift in Sources */,
				9DAA8FB02F48928700EE3FD8 /* PortsViewModel.swift in Sources */,
				9DAA8F922F44D82100EE3FD8 /* WorkerModel.swift in Sources */,
				9DAA8FAA2F47966000EE3FD8 /* ShipsView.swift in Sources */,
				9DAA8FDE2F5DD2B700EE3FD8 /* ListOfLocations.swift in Sources */,
				9D8712022F89859C007BD6BC /* GraphService.swift in Sources */,
				9DAA8FAC2F47967000EE3FD8 /* ProfileView.swift in Sources */,
				9DAA8F9E2F47197D00EE3FD8 /* mainViewModel.swift in Sources */,
				9DAA8FE02F5F2E0300EE3FD8 /* LocationPrewiewView.swift in Sources */,
			);
			runOnlyForDeploymentPostprocessing = 0;
		};
		9DAA8FB92F5864DC00EE3FD8 /* Sources */ = {
			isa = PBXSourcesBuildPhase;
			buildActionMask = 2147483647;
			files = (
				9DAA8FD62F58675800EE3FD8 /* WidgetAttributes.swift in Sources */,
				9DAA8FC72F5864DC00EE3FD8 /* VoyageInfoLiveLiveActivity.swift in Sources */,
				9DAA8FC92F5864DC00EE3FD8 /* VoyageInfoLive.swift in Sources */,
				9DAA8FC52F5864DC00EE3FD8 /* VoyageInfoLiveBundle.swift in Sources */,
			);
			runOnlyForDeploymentPostprocessing = 0;
		};
/* End PBXSourcesBuildPhase section */

/* Begin PBXTargetDependency section */
		9DAA8FCE2F5864DE00EE3FD8 /* PBXTargetDependency */ = {
			isa = PBXTargetDependency;
			target = 9DAA8FBC2F5864DC00EE3FD8 /* VoyageInfoLiveExtension */;
			targetProxy = 9DAA8FCD2F5864DE00EE3FD8 /* PBXContainerItemProxy */;
		};
/* End PBXTargetDependency section */

/* Begin XCBuildConfiguration section */
		9DAA8F5D2F30CF7F00EE3FD8 /* Debug */ = {
			isa = XCBuildConfiguration;
			buildSettings = {
				ALWAYS_SEARCH_USER_PATHS = NO;
				ASSETCATALOG_COMPILER_GENERATE_SWIFT_ASSET_SYMBOL_EXTENSIONS = YES;
				CLANG_ANALYZER_NONNULL = YES;
				CLANG_ANALYZER_NUMBER_OBJECT_CONVERSION = YES_AGGRESSIVE;
				CLANG_CXX_LANGUAGE_STANDARD = "gnu++20";
				CLANG_ENABLE_MODULES = YES;
				CLANG_ENABLE_OBJC_ARC = YES;
				CLANG_ENABLE_OBJC_WEAK = YES;
				CLANG_WARN_BLOCK_CAPTURE_AUTORELEASING = YES;
				CLANG_WARN_BOOL_CONVERSION = YES;
				CLANG_WARN_COMMA = YES;
				CLANG_WARN_CONSTANT_CONVERSION = YES;
				CLANG_WARN_DEPRECATED_OBJC_IMPLEMENTATIONS = YES;
				CLANG_WARN_DIRECT_OBJC_ISA_USAGE = YES_ERROR;
				CLANG_WARN_DOCUMENTATION_COMMENTS = YES;
				CLANG_WARN_EMPTY_BODY = YES;
				CLANG_WARN_ENUM_CONVERSION = YES;
				CLANG_WARN_INFINITE_RECURSION = YES;
				CLANG_WARN_INT_CONVERSION = YES;
				CLANG_WARN_NON_LITERAL_NULL_CONVERSION = YES;
				CLANG_WARN_OBJC_IMPLICIT_RETAIN_SELF = YES;
				CLANG_WARN_OBJC_LITERAL_CONVERSION = YES;
				CLANG_WARN_OBJC_ROOT_CLASS = YES_ERROR;
				CLANG_WARN_QUOTED_INCLUDE_IN_FRAMEWORK_HEADER = YES;
				CLANG_WARN_RANGE_LOOP_ANALYSIS = YES;
				CLANG_WARN_STRICT_PROTOTYPES = YES;
				CLANG_WARN_SUSPICIOUS_MOVE = YES;
				CLANG_WARN_UNGUARDED_AVAILABILITY = YES_AGGRESSIVE;
				CLANG_WARN_UNREACHABLE_CODE = YES;
				CLANG_WARN__DUPLICATE_METHOD_MATCH = YES;
				COPY_PHASE_STRIP = NO;
				DEBUG_INFORMATION_FORMAT = dwarf;
				ENABLE_STRICT_OBJC_MSGSEND = YES;
				ENABLE_TESTABILITY = YES;
				ENABLE_USER_SCRIPT_SANDBOXING = YES;
				GCC_C_LANGUAGE_STANDARD = gnu17;
				GCC_DYNAMIC_NO_PIC = NO;
				GCC_NO_COMMON_BLOCKS = YES;
				GCC_OPTIMIZATION_LEVEL = 0;
				GCC_PREPROCESSOR_DEFINITIONS = (
					"DEBUG=1",
					"$(inherited)",
				);
				GCC_WARN_64_TO_32_BIT_CONVERSION = YES;
				GCC_WARN_ABOUT_RETURN_TYPE = YES_ERROR;
				GCC_WARN_UNDECLARED_SELECTOR = YES;
				GCC_WARN_UNINITIALIZED_AUTOS = YES_AGGRESSIVE;
				GCC_WARN_UNUSED_FUNCTION = YES;
				GCC_WARN_UNUSED_VARIABLE = YES;
				IPHONEOS_DEPLOYMENT_TARGET = 17.5;
				LOCALIZATION_PREFERS_STRING_CATALOGS = YES;
				MTL_ENABLE_DEBUG_INFO = INCLUDE_SOURCE;
				MTL_FAST_MATH = YES;
				ONLY_ACTIVE_ARCH = YES;
				SDKROOT = iphoneos;
				SWIFT_ACTIVE_COMPILATION_CONDITIONS = "DEBUG $(inherited)";
				SWIFT_OPTIMIZATION_LEVEL = "-Onone";
			};
			name = Debug;
		};
		9DAA8F5E2F30CF7F00EE3FD8 /* Release */ = {
			isa = XCBuildConfiguration;
			buildSettings = {
				ALWAYS_SEARCH_USER_PATHS = NO;
				ASSETCATALOG_COMPILER_GENERATE_SWIFT_ASSET_SYMBOL_EXTENSIONS = YES;
				CLANG_ANALYZER_NONNULL = YES;
				CLANG_ANALYZER_NUMBER_OBJECT_CONVERSION = YES_AGGRESSIVE;
				CLANG_CXX_LANGUAGE_STANDARD = "gnu++20";
				CLANG_ENABLE_MODULES = YES;
				CLANG_ENABLE_OBJC_ARC = YES;
				CLANG_ENABLE_OBJC_WEAK = YES;
				CLANG_WARN_BLOCK_CAPTURE_AUTORELEASING = YES;
				CLANG_WARN_BOOL_CONVERSION = YES;
				CLANG_WARN_COMMA = YES;
				CLANG_WARN_CONSTANT_CONVERSION = YES;
				CLANG_WARN_DEPRECATED_OBJC_IMPLEMENTATIONS = YES;
				CLANG_WARN_DIRECT_OBJC_ISA_USAGE = YES_ERROR;
				CLANG_WARN_DOCUMENTATION_COMMENTS = YES;
				CLANG_WARN_EMPTY_BODY = YES;
				CLANG_WARN_ENUM_CONVERSION = YES;
				CLANG_WARN_INFINITE_RECURSION = YES;
				CLANG_WARN_INT_CONVERSION = YES;
				CLANG_WARN_NON_LITERAL_NULL_CONVERSION = YES;
				CLANG_WARN_OBJC_IMPLICIT_RETAIN_SELF = YES;
				CLANG_WARN_OBJC_LITERAL_CONVERSION = YES;
				CLANG_WARN_OBJC_ROOT_CLASS = YES_ERROR;
				CLANG_WARN_QUOTED_INCLUDE_IN_FRAMEWORK_HEADER = YES;
				CLANG_WARN_RANGE_LOOP_ANALYSIS = YES;
				CLANG_WARN_STRICT_PROTOTYPES = YES;
				CLANG_WARN_SUSPICIOUS_MOVE = YES;
				CLANG_WARN_UNGUARDED_AVAILABILITY = YES_AGGRESSIVE;
				CLANG_WARN_UNREACHABLE_CODE = YES;
				CLANG_WARN__DUPLICATE_METHOD_MATCH = YES;
				COPY_PHASE_STRIP = NO;
				DEBUG_INFORMATION_FORMAT = "dwarf-with-dsym";
				ENABLE_NS_ASSERTIONS = NO;
				ENABLE_STRICT_OBJC_MSGSEND = YES;
				ENABLE_USER_SCRIPT_SANDBOXING = YES;
				GCC_C_LANGUAGE_STANDARD = gnu17;
				GCC_NO_COMMON_BLOCKS = YES;
				GCC_WARN_64_TO_32_BIT_CONVERSION = YES;
				GCC_WARN_ABOUT_RETURN_TYPE = YES_ERROR;
				GCC_WARN_UNDECLARED_SELECTOR = YES;
				GCC_WARN_UNINITIALIZED_AUTOS = YES_AGGRESSIVE;
				GCC_WARN_UNUSED_FUNCTION = YES;
				GCC_WARN_UNUSED_VARIABLE = YES;
				IPHONEOS_DEPLOYMENT_TARGET = 17.5;
				LOCALIZATION_PREFERS_STRING_CATALOGS = YES;
				MTL_ENABLE_DEBUG_INFO = NO;
				MTL_FAST_MATH = YES;
				SDKROOT = iphoneos;
				SWIFT_COMPILATION_MODE = wholemodule;
				VALIDATE_PRODUCT = YES;
			};
			name = Release;
		};
		9DAA8F602F30CF7F00EE3FD8 /* Debug */ = {
			isa = XCBuildConfiguration;
			buildSettings = {
				ALWAYS_EMBED_SWIFT_STANDARD_LIBRARIES = YES;
				ASSETCATALOG_COMPILER_APPICON_NAME = AppIcon;
				ASSETCATALOG_COMPILER_GLOBAL_ACCENT_COLOR_NAME = AccentColor;
				CODE_SIGN_STYLE = Automatic;
				CURRENT_PROJECT_VERSION = 1;
				DEVELOPMENT_ASSET_PATHS = "\"DotPort2.0/Preview Content\"";
				DEVELOPMENT_TEAM = ZZ4774U2R5;
				ENABLE_PREVIEWS = YES;
				GENERATE_INFOPLIST_FILE = YES;
				INFOPLIST_KEY_NSSupportsLiveActivities = YES;
				INFOPLIST_KEY_UIApplicationSceneManifest_Generation = YES;
				INFOPLIST_KEY_UIApplicationSupportsIndirectInputEvents = YES;
				INFOPLIST_KEY_UILaunchScreen_Generation = YES;
				INFOPLIST_KEY_UISupportedInterfaceOrientations_iPad = "UIInterfaceOrientationPortrait UIInterfaceOrientationPortraitUpsideDown UIInterfaceOrientationLandscapeLeft UIInterfaceOrientationLandscapeRight";
				INFOPLIST_KEY_UISupportedInterfaceOrientations_iPhone = "UIInterfaceOrientationPortrait UIInterfaceOrientationLandscapeLeft UIInterfaceOrientationLandscapeRight";
				LD_RUNPATH_SEARCH_PATHS = (
					"$(inherited)",
					"@executable_path/Frameworks",
				);
				MARKETING_VERSION = 1.0;
				PRODUCT_BUNDLE_IDENTIFIER = "illya-kovaliuk.DotPort2-0";
				PRODUCT_NAME = "$(TARGET_NAME)";
				SWIFT_EMIT_LOC_STRINGS = YES;
				SWIFT_VERSION = 5.0;
				TARGETED_DEVICE_FAMILY = "1,2";
			};
			name = Debug;
		};
		9DAA8F612F30CF7F00EE3FD8 /* Release */ = {
			isa = XCBuildConfiguration;
			buildSettings = {
				ALWAYS_EMBED_SWIFT_STANDARD_LIBRARIES = YES;
				ASSETCATALOG_COMPILER_APPICON_NAME = AppIcon;
				ASSETCATALOG_COMPILER_GLOBAL_ACCENT_COLOR_NAME = AccentColor;
				CODE_SIGN_STYLE = Automatic;
				CURRENT_PROJECT_VERSION = 1;
				DEVELOPMENT_ASSET_PATHS = "\"DotPort2.0/Preview Content\"";
				DEVELOPMENT_TEAM = ZZ4774U2R5;
				ENABLE_PREVIEWS = YES;
				GENERATE_INFOPLIST_FILE = YES;
				INFOPLIST_KEY_NSSupportsLiveActivities = YES;
				INFOPLIST_KEY_UIApplicationSceneManifest_Generation = YES;
				INFOPLIST_KEY_UIApplicationSupportsIndirectInputEvents = YES;
				INFOPLIST_KEY_UILaunchScreen_Generation = YES;
				INFOPLIST_KEY_UISupportedInterfaceOrientations_iPad = "UIInterfaceOrientationPortrait UIInterfaceOrientationPortraitUpsideDown UIInterfaceOrientationLandscapeLeft UIInterfaceOrientationLandscapeRight";
				INFOPLIST_KEY_UISupportedInterfaceOrientations_iPhone = "UIInterfaceOrientationPortrait UIInterfaceOrientationLandscapeLeft UIInterfaceOrientationLandscapeRight";
				LD_RUNPATH_SEARCH_PATHS = (
					"$(inherited)",
					"@executable_path/Frameworks",
				);
				MARKETING_VERSION = 1.0;
				PRODUCT_BUNDLE_IDENTIFIER = "illya-kovaliuk.DotPort2-0";
				PRODUCT_NAME = "$(TARGET_NAME)";
				SWIFT_EMIT_LOC_STRINGS = YES;
				SWIFT_VERSION = 5.0;
				TARGETED_DEVICE_FAMILY = "1,2";
			};
			name = Release;
		};
		9DAA8FD12F5864DE00EE3FD8 /* Debug */ = {
			isa = XCBuildConfiguration;
			buildSettings = {
				ASSETCATALOG_COMPILER_GLOBAL_ACCENT_COLOR_NAME = AccentColor;
				ASSETCATALOG_COMPILER_WIDGET_BACKGROUND_COLOR_NAME = WidgetBackground;
				CODE_SIGN_STYLE = Automatic;
				CURRENT_PROJECT_VERSION = 1;
				DEVELOPMENT_TEAM = ZZ4774U2R5;
				GENERATE_INFOPLIST_FILE = YES;
				INFOPLIST_FILE = VoyageInfoLive/Info.plist;
				INFOPLIST_KEY_CFBundleDisplayName = VoyageInfoLive;
				INFOPLIST_KEY_NSHumanReadableCopyright = "";
				LD_RUNPATH_SEARCH_PATHS = (
					"$(inherited)",
					"@executable_path/Frameworks",
					"@executable_path/../../Frameworks",
				);
				MARKETING_VERSION = 1.0;
				PRODUCT_BUNDLE_IDENTIFIER = "illya-kovaliuk.DotPort2-0.VoyageInfoLive";
				PRODUCT_NAME = "$(TARGET_NAME)";
				SKIP_INSTALL = YES;
				SWIFT_EMIT_LOC_STRINGS = YES;
				SWIFT_VERSION = 5.0;
				TARGETED_DEVICE_FAMILY = "1,2";
			};
			name = Debug;
		};
		9DAA8FD22F5864DE00EE3FD8 /* Release */ = {
			isa = XCBuildConfiguration;
			buildSettings = {
				ASSETCATALOG_COMPILER_GLOBAL_ACCENT_COLOR_NAME = AccentColor;
				ASSETCATALOG_COMPILER_WIDGET_BACKGROUND_COLOR_NAME = WidgetBackground;
				CODE_SIGN_STYLE = Automatic;
				CURRENT_PROJECT_VERSION = 1;
				DEVELOPMENT_TEAM = ZZ4774U2R5;
				GENERATE_INFOPLIST_FILE = YES;
				INFOPLIST_FILE = VoyageInfoLive/Info.plist;
				INFOPLIST_KEY_CFBundleDisplayName = VoyageInfoLive;
				INFOPLIST_KEY_NSHumanReadableCopyright = "";
				LD_RUNPATH_SEARCH_PATHS = (
					"$(inherited)",
					"@executable_path/Frameworks",
					"@executable_path/../../Frameworks",
				);
				MARKETING_VERSION = 1.0;
				PRODUCT_BUNDLE_IDENTIFIER = "illya-kovaliuk.DotPort2-0.VoyageInfoLive";
				PRODUCT_NAME = "$(TARGET_NAME)";
				SKIP_INSTALL = YES;
				SWIFT_EMIT_LOC_STRINGS = YES;
				SWIFT_VERSION = 5.0;
				TARGETED_DEVICE_FAMILY = "1,2";
			};
			name = Release;
		};
/* End XCBuildConfiguration section */

/* Begin XCConfigurationList section */
		9DAA8F4C2F30CF7D00EE3FD8 /* Build configuration list for PBXProject "DotPort2.0" */ = {
			isa = XCConfigurationList;
			buildConfigurations = (
				9DAA8F5D2F30CF7F00EE3FD8 /* Debug */,
				9DAA8F5E2F30CF7F00EE3FD8 /* Release */,
			);
			defaultConfigurationIsVisible = 0;
			defaultConfigurationName = Release;
		};
		9DAA8F5F2F30CF7F00EE3FD8 /* Build configuration list for PBXNativeTarget "DotPort2.0" */ = {
			isa = XCConfigurationList;
			buildConfigurations = (
				9DAA8F602F30CF7F00EE3FD8 /* Debug */,
				9DAA8F612F30CF7F00EE3FD8 /* Release */,
			);
			defaultConfigurationIsVisible = 0;
			defaultConfigurationName = Release;
		};
		9DAA8FD02F5864DE00EE3FD8 /* Build configuration list for PBXNativeTarget "VoyageInfoLiveExtension" */ = {
			isa = XCConfigurationList;
			buildConfigurations = (
				9DAA8FD12F5864DE00EE3FD8 /* Debug */,
				9DAA8FD22F5864DE00EE3FD8 /* Release */,
			);
			defaultConfigurationIsVisible = 0;
			defaultConfigurationName = Release;
		};
/* End XCConfigurationList section */

/* Begin XCLocalSwiftPackageReference section */
		9D8712032F8AA3CC007BD6BC /* XCLocalSwiftPackageReference "../../../SwiftAdvanced/LinkedListPackage" */ = {
			isa = XCLocalSwiftPackageReference;
			relativePath = ../../../SwiftAdvanced/LinkedListPackage;
		};
/* End XCLocalSwiftPackageReference section */
	};
	rootObject = 9DAA8F492F30CF7D00EE3FD8 /* Project object */;
}
